
Microsoft Visual Studio Solution File, Format Version 12.00
Project("{FAE04EC0-301F-11D3-BF4B-00C04F79EFBC}") = "roasted1", "roasted1\roasted1.csproj", "{91BB9257-A96B-40AE-A9E0-6D0E34E1A6AF}"
EndProject
Global
	GlobalSection(SolutionConfigurationPlatforms) = preSolution
		Debug|Any CPU = Debug|Any CPU
		Release|Any CPU = Release|Any CPU
	EndGlobalSection
	GlobalSection(ProjectConfigurationPlatforms) = postSolution
		{91BB9257-A96B-40AE-A9E0-6D0E34E1A6AF}.Debug|Any CPU.ActiveCfg = Debug|Any CPU
		{91BB9257-A96B-40AE-A9E0-6D0E34E1A6AF}.Debug|Any CPU.Build.0 = Debug|Any CPU
		{91BB9257-A96B-40AE-A9E0-6D0E34E1A6AF}.Release|Any CPU.ActiveCfg = Release|Any CPU
		{91BB9257-A96B-40AE-A9E0-6D0E34E1A6AF}.Release|Any CPU.Build.0 = Release|Any CPU
	EndGlobalSection
EndGlobal
